
Microsoft Visual Studio Solution File, Format Version 12.00
# Visual Studio Version 16
VisualStudioVersion = 16.0.29728.190
MinimumVisualStudioVersion = 10.0.40219.1
Project("{9A19103F-16F7-4668-BE54-9A1E7A4F7556}") = "ServerMultipleWorlds", "ServerMultipleWorld\ServerMultipleWorlds.csproj", "{10526DEF-D6E1-46EC-B33B-86283F5174CA}"
EndProject
Project("{2150E333-8FDC-42A3-9474-1A3956D46DE8}") = "Solution Items", "Solution Items", "{ADFC74F2-667B-455B-B08C-396B25322566}"
	ProjectSection(SolutionItems) = preProject
		.editorconfig = .editorconfig
	EndProjectSection
EndProject
Global
	GlobalSection(SolutionConfigurationPlatforms) = preSolution
		Debug|Any CPU = Debug|Any CPU
		Release|Any CPU = Release|Any CPU
	EndGlobalSection
	GlobalSection(ProjectConfigurationPlatforms) = postSolution
		{10526DEF-D6E1-46EC-B33B-86283F5174CA}.Debug|Any CPU.ActiveCfg = Debug|Any CPU
		{10526DEF-D6E1-46EC-B33B-86283F5174CA}.Debug|Any CPU.Build.0 = Debug|Any CPU
		{10526DEF-D6E1-46EC-B33B-86283F5174CA}.Release|Any CPU.ActiveCfg = Release|Any CPU
		{10526DEF-D6E1-46EC-B33B-86283F5174CA}.Release|Any CPU.Build.0 = Release|Any CPU
	EndGlobalSection
	GlobalSection(SolutionProperties) = preSolution
		HideSolutionNode = FALSE
	EndGlobalSection
	GlobalSection(ExtensibilityGlobals) = postSolution
		SolutionGuid = {39C7B4F6-CDB3-4225-B83B-15546A16D187}
	EndGlobalSection
EndGlobal
